Microsoft Visual Studio Solution File, Format Version 12.00
# Visual Studio Version 17
VisualStudioVersion = 17.5.2.0
MinimumVisualStudioVersion = 10.0.40219.1
Project("{FAE04EC0-301F-11D3-BF4B-00C04F79EFBC}") = "NetworkingApp", "NetworkingApp.csproj", "{8E55F755-08DF-DEB9-4DC9-A67999A3EBAD}"
EndProject
Global
	GlobalSection(SolutionConfigurationPlatforms) = preSolution
		Debug|Any CPU = Debug|Any CPU
		Release|Any CPU = Release|Any CPU
	EndGlobalSection
	GlobalSection(ProjectConfigurationPlatforms) = postSolution
		{8E55F755-08DF-DEB9-4DC9-A67999A3EBAD}.Debug|Any CPU.ActiveCfg = Debug|Any CPU
		{8E55F755-08DF-DEB9-4DC9-A67999A3EBAD}.Debug|Any CPU.Build.0 = Debug|Any CPU
		{8E55F755-08DF-DEB9-4DC9-A67999A3EBAD}.Release|Any CPU.ActiveCfg = Release|Any CPU
		{8E55F755-08DF-DEB9-4DC9-A67999A3EBAD}.Release|Any CPU.Build.0 = Release|Any CPU
	EndGlobalSection
	GlobalSection(SolutionProperties) = preSolution
		HideSolutionNode = FALSE
	EndGlobalSection
	GlobalSection(ExtensibilityGlobals) = postSolution
		SolutionGuid = {78965B3B-6FF8-412E-8BCD-84C6B08A395A}
	EndGlobalSection
EndGlobal
